<?xml version="1.0" encoding="utf-8"?>
<Project ToolsVersion="4.0" xmlns="http://schemas.microsoft.com/developer/msbuild/2003">
  <ItemGroup>
    <Filter Include="ForLatte">
      <UniqueIdentifier>{C662B685-B22F-1191-DB48-FF38C774461F}</UniqueIdentifier>
    </Filter>
    <Filter Include="ForLatte\Core">
      <UniqueIdentifier>{DE325AF2-4AF3-D528-132E-1FA67FAD1A05}</UniqueIdentifier>
    </Filter>
    <Filter Include="ForLatte\Debug">
      <UniqueIdentifier>{BCE9AC3D-A8B7-A043-914B-116A7DB87CA8}</UniqueIdentifier>
    </Filter>
    <Filter Include="ForLatte\Events">
      <UniqueIdentifier>{EA73D4F6-56FF-41BB-5F10-C5AFCB1A9EBB}</UniqueIdentifier>
    </Filter>
    <Filter Include="ForLatte\ImGui">
      <UniqueIdentifier>{70540B3E-5C22-FF43-45B6-6F6A3123DBA8}</UniqueIdentifier>
    </Filter>
    <Filter Include="ForLatte\Platform">
      <UniqueIdentifier>{DA1DDF19-4634-DDAF-8FAB-68D1FB00AE37}</UniqueIdentifier>
    </Filter>
    <Filter Include="ForLatte\Platform\OpenGL">
      <UniqueIdentifier>{CE6D88F0-BA92-D770-E3DD-BC00CF61D68E}</UniqueIdentifier>
    </Filter>
    <Filter Include="ForLatte\Platform\Windows">
      <UniqueIdentifier>{1402B259-80C4-E5E3-C974-74703576BEC1}</UniqueIdentifier>
    </Filter>
    <Filter Include="ForLatte\Renderer">
      <UniqueIdentifier>{2C25BCF4-983B-BA8A-E1B2-45AC4D088B12}</UniqueIdentifier>
    </Filter>
  </ItemGroup>
  <ItemGroup>
    <ClInclude Include="src\ForLatte.h" />
    <ClInclude Include="src\ForLatte\Core\Application.h">
      <Filter>ForLatte\Core</Filter>
    </ClInclude>
    <ClInclude Include="src\ForLatte\Core\Core.h">
      <Filter>ForLatte\Core</Filter>
    </ClInclude>
    <ClInclude Include="src\ForLatte\Core\EntryPoint.h">
      <Filter>ForLatte\Core</Filter>
    </ClInclude>
    <ClInclude Include="src\ForLatte\Core\Input.h">
      <Filter>ForLatte\Core</Filter>
    </ClInclude>
    <ClInclude Include="src\ForLatte\Core\KeyCodes.h">
      <Filter>ForLatte\Core</Filter>
    </ClInclude>
    <ClInclude Include="src\ForLatte\Core\Layer.h">
      <Filter>ForLatte\Core</Filter>
    </ClInclude>
    <ClInclude Include="src\ForLatte\Core\LayerStack.h">
      <Filter>ForLatte\Core</Filter>
    </ClInclude>
    <ClInclude Include="src\ForLatte\Core\Log.h">
      <Filter>ForLatte\Core</Filter>
    </ClInclude>
    <ClInclude Include="src\ForLatte\Core\MouseButtonCodes.h">
      <Filter>ForLatte\Core</Filter>
    </ClInclude>
    <ClInclude Include="src\ForLatte\Core\Timestep.h">
      <Filter>ForLatte\Core</Filter>
    </ClInclude>
    <ClInclude Include="src\ForLatte\Core\Window.h">
      <Filter>ForLatte\Core</Filter>
    </ClInclude>
    <ClInclude Include="src\ForLatte\Debug\Instrumentor.h">
      <Filter>ForLatte\Debug</Filter>
    </ClInclude>
    <ClInclude Include="src\ForLatte\Events\ApplicationEvent.h">
      <Filter>ForLatte\Events</Filter>
    </ClInclude>
    <ClInclude Include="src\ForLatte\Events\Event.h">
      <Filter>ForLatte\Events</Filter>
    </ClInclude>
    <ClInclude Include="src\ForLatte\Events\KeyEvent.h">
      <Filter>ForLatte\Events</Filter>
    </ClInclude>
    <ClInclude Include="src\ForLatte\Events\MouseEvent.h">
      <Filter>ForLatte\Events</Filter>
    </ClInclude>
    <ClInclude Include="src\ForLatte\ImGui\ImGuiLayer.h">
      <Filter>ForLatte\ImGui</Filter>
    </ClInclude>
    <ClInclude Include="src\ForLatte\Platform\OpenGL\OpenGLBuffer.h">
      <Filter>ForLatte\Platform\OpenGL</Filter>
    </ClInclude>
    <ClInclude Include="src\ForLatte\Platform\OpenGL\OpenGLContext.h">
      <Filter>ForLatte\Platform\OpenGL</Filter>
    </ClInclude>
    <ClInclude Include="src\ForLatte\Platform\OpenGL\OpenGLRendererAPI.h">
      <Filter>ForLatte\Platform\OpenGL</Filter>
    </ClInclude>
    <ClInclude Include="src\ForLatte\Platform\OpenGL\OpenGLShader.h">
      <Filter>ForLatte\Platform\OpenGL</Filter>
    </ClInclude>
    <ClInclude Include="src\ForLatte\Platform\OpenGL\OpenGLTexture.h">
      <Filter>ForLatte\Platform\OpenGL</Filter>
    </ClInclude>
    <ClInclude Include="src\ForLatte\Platform\OpenGL\OpenGLVertexArray.h">
      <Filter>ForLatte\Platform\OpenGL</Filter>
    </ClInclude>
    <ClInclude Include="src\ForLatte\Platform\Windows\WindowsInput.h">
      <Filter>ForLatte\Platform\Windows</Filter>
    </ClInclude>
    <ClInclude Include="src\ForLatte\Platform\Windows\WindowsWindow.h">
      <Filter>ForLatte\Platform\Windows</Filter>
    </ClInclude>
    <ClInclude Include="src\ForLatte\Renderer\Buffer.h">
      <Filter>ForLatte\Renderer</Filter>
    </ClInclude>
    <ClInclude Include="src\ForLatte\Renderer\GraphicsContext.h">
      <Filter>ForLatte\Renderer</Filter>
    </ClInclude>
    <ClInclude Include="src\ForLatte\Renderer\OrthographicCamera.h">
      <Filter>ForLatte\Renderer</Filter>
    </ClInclude>
    <ClInclude Include="src\ForLatte\Renderer\OrthographicCameraController.h">
      <Filter>ForLatte\Renderer</Filter>
    </ClInclude>
    <ClInclude Include="src\ForLatte\Renderer\RenderCommand.h">
      <Filter>ForLatte\Renderer</Filter>
    </ClInclude>
    <ClInclude Include="src\ForLatte\Renderer\Renderer.h">
      <Filter>ForLatte\Renderer</Filter>
    </ClInclude>
    <ClInclude Include="src\ForLatte\Renderer\Renderer2D.h">
      <Filter>ForLatte\Renderer</Filter>
    </ClInclude>
    <ClInclude Include="src\ForLatte\Renderer\RendererAPI.h">
      <Filter>ForLatte\Renderer</Filter>
    </ClInclude>
    <ClInclude Include="src\ForLatte\Renderer\Shader.h">
      <Filter>ForLatte\Renderer</Filter>
    </ClInclude>
    <ClInclude Include="src\ForLatte\Renderer\Texture.h">
      <Filter>ForLatte\Renderer</Filter>
    </ClInclude>
    <ClInclude Include="src\ForLatte\Renderer\VertexArray.h">
      <Filter>ForLatte\Renderer</Filter>
    </ClInclude>
    <ClInclude Include="src\flpch.h" />
  </ItemGroup>
  <ItemGroup>
    <ClCompile Include="src\ForLatte\Core\Application.cpp">
      <Filter>ForLatte\Core</Filter>
    </ClCompile>
    <ClCompile Include="src\ForLatte\Core\Layer.cpp">
      <Filter>ForLatte\Core</Filter>
    </ClCompile>
    <ClCompile Include="src\ForLatte\Core\LayerStack.cpp">
      <Filter>ForLatte\Core</Filter>
    </ClCompile>
    <ClCompile Include="src\ForLatte\Core\Log.cpp">
      <Filter>ForLatte\Core</Filter>
    </ClCompile>
    <ClCompile Include="src\ForLatte\ImGui\ImGuiBuild.cpp">
      <Filter>ForLatte\ImGui</Filter>
    </ClCompile>
    <ClCompile Include="src\ForLatte\ImGui\ImGuiLayer.cpp">
      <Filter>ForLatte\ImGui</Filter>
    </ClCompile>
    <ClCompile Include="src\ForLatte\Platform\OpenGL\OpenGLBuffer.cpp">
      <Filter>ForLatte\Platform\OpenGL</Filter>
    </ClCompile>
    <ClCompile Include="src\ForLatte\Platform\OpenGL\OpenGLContext.cpp">
      <Filter>ForLatte\Platform\OpenGL</Filter>
    </ClCompile>
    <ClCompile Include="src\ForLatte\Platform\OpenGL\OpenGLRendererAPI.cpp">
      <Filter>ForLatte\Platform\OpenGL</Filter>
    </ClCompile>
    <ClCompile Include="src\ForLatte\Platform\OpenGL\OpenGLShader.cpp">
      <Filter>ForLatte\Platform\OpenGL</Filter>
    </ClCompile>
    <ClCompile Include="src\ForLatte\Platform\OpenGL\OpenGLTexture.cpp">
      <Filter>ForLatte\Platform\OpenGL</Filter>
    </ClCompile>
    <ClCompile Include="src\ForLatte\Platform\OpenGL\OpenGLVertexArray.cpp">
      <Filter>ForLatte\Platform\OpenGL</Filter>
    </ClCompile>
    <ClCompile Include="src\ForLatte\Platform\Windows\WindowsInput.cpp">
      <Filter>ForLatte\Platform\Windows</Filter>
    </ClCompile>
    <ClCompile Include="src\ForLatte\Platform\Windows\WindowsWindow.cpp">
      <Filter>ForLatte\Platform\Windows</Filter>
    </ClCompile>
    <ClCompile Include="src\ForLatte\Renderer\Buffer.cpp">
      <Filter>ForLatte\Renderer</Filter>
    </ClCompile>
    <ClCompile Include="src\ForLatte\Renderer\OrthographicCamera.cpp">
      <Filter>ForLatte\Renderer</Filter>
    </ClCompile>
    <ClCompile Include="src\ForLatte\Renderer\OrthographicCameraController.cpp">
      <Filter>ForLatte\Renderer</Filter>
    </ClCompile>
    <ClCompile Include="src\ForLatte\Renderer\RenderCommand.cpp">
      <Filter>ForLatte\Renderer</Filter>
    </ClCompile>
    <ClCompile Include="src\ForLatte\Renderer\Renderer.cpp">
      <Filter>ForLatte\Renderer</Filter>
    </ClCompile>
    <ClCompile Include="src\ForLatte\Renderer\Renderer2D.cpp">
      <Filter>ForLatte\Renderer</Filter>
    </ClCompile>
    <ClCompile Include="src\ForLatte\Renderer\RendererAPI.cpp">
      <Filter>ForLatte\Renderer</Filter>
    </ClCompile>
    <ClCompile Include="src\ForLatte\Renderer\Shader.cpp">
      <Filter>ForLatte\Renderer</Filter>
    </ClCompile>
    <ClCompile Include="src\ForLatte\Renderer\Texture.cpp">
      <Filter>ForLatte\Renderer</Filter>
    </ClCompile>
    <ClCompile Include="src\ForLatte\Renderer\VertexArray.cpp">
      <Filter>ForLatte\Renderer</Filter>
    </ClCompile>
    <ClCompile Include="src\flpch.cpp" />
  </ItemGroup>
</Project>