<?xml version="1.0" encoding="utf-8"?>
<Project ToolsVersion="4.0" xmlns="http://schemas.microsoft.com/developer/msbuild/2003">
  <ItemGroup>
    <Filter Include="ForLatte">
      <UniqueIdentifier>{C662B685-B22F-1191-DB48-FF38C774461F}</UniqueIdentifier>
    </Filter>
  </ItemGroup>
  <ItemGroup>
    <ClInclude Include="src\ForLatte.h" />
    <ClInclude Include="src\ForLatte\Application.h">
      <Filter>ForLatte</Filter>
    </ClInclude>
    <ClInclude Include="src\ForLatte\Core.h">
      <Filter>ForLatte</Filter>
    </ClInclude>
    <ClInclude Include="src\ForLatte\EntryPoint.h">
      <Filter>ForLatte</Filter>
    </ClInclude>
    <ClInclude Include="src\ForLatte\Log.h">
      <Filter>ForLatte</Filter>
    </ClInclude>
  </ItemGroup>
  <ItemGroup>
    <ClCompile Include="src\ForLatte\Application.cpp">
      <Filter>ForLatte</Filter>
    </ClCompile>
    <ClCompile Include="src\ForLatte\Log.cpp">
      <Filter>ForLatte</Filter>
    </ClCompile>
  </ItemGroup>
</Project>