
Microsoft Visual Studio Solution File, Format Version 12.00
# Visual Studio Version 17
VisualStudioVersion = 17.3.32901.215
MinimumVisualStudioVersion = 10.0.40219.1
Project("{8BC9CEB8-8B4A-11D0-8D11-00A0C91BC942}") = "Sandbox", "Sandbox\Sandbox.vcxproj", "{EAA7145B-A383-40B0-AE18-DDBDDA312380}"
EndProject
Project("{8BC9CEB8-8B4A-11D0-8D11-00A0C91BC942}") = "ForLatte", "ForLatte\ForLatte.vcxproj", "{C202A35D-7975-41B4-B8A6-9D0D0B5AE3B5}"
EndProject
Global
	GlobalSection(SolutionConfigurationPlatforms) = preSolution
		Debug|x64 = Debug|x64
		Debug|x86 = Debug|x86
		Release|x64 = Release|x64
		Release|x86 = Release|x86
	EndGlobalSection
	GlobalSection(ProjectConfigurationPlatforms) = postSolution
		{C202A35D-7975-41B4-B8A6-9D0D0B5AE3B5}.Debug|x64.ActiveCfg = Debug|x64
		{C202A35D-7975-41B4-B8A6-9D0D0B5AE3B5}.Debug|x64.Build.0 = Debug|x64
		{C202A35D-7975-41B4-B8A6-9D0D0B5AE3B5}.Debug|x86.ActiveCfg = Debug|x64
		{C202A35D-7975-41B4-B8A6-9D0D0B5AE3B5}.Release|x64.ActiveCfg = Release|x64
		{C202A35D-7975-41B4-B8A6-9D0D0B5AE3B5}.Release|x64.Build.0 = Release|x64
		{C202A35D-7975-41B4-B8A6-9D0D0B5AE3B5}.Release|x86.ActiveCfg = Release|x64
		{EAA7145B-A383-40B0-AE18-DDBDDA312380}.Debug|x64.ActiveCfg = Debug|x64
		{EAA7145B-A383-40B0-AE18-DDBDDA312380}.Debug|x64.Build.0 = Debug|x64
		{EAA7145B-A383-40B0-AE18-DDBDDA312380}.Debug|x86.ActiveCfg = Debug|x64
		{EAA7145B-A383-40B0-AE18-DDBDDA312380}.Release|x64.ActiveCfg = Release|x64
		{EAA7145B-A383-40B0-AE18-DDBDDA312380}.Release|x64.Build.0 = Release|x64
		{EAA7145B-A383-40B0-AE18-DDBDDA312380}.Release|x86.ActiveCfg = Release|x64
	EndGlobalSection
	GlobalSection(SolutionProperties) = preSolution
		HideSolutionNode = FALSE
	EndGlobalSection
	GlobalSection(ExtensibilityGlobals) = postSolution
		SolutionGuid = {362346FD-8845-4486-992F-A1FC9D4EF55B}
	EndGlobalSection
EndGlobal
